// !$*UTF8*$!
{
	archiveVersion = 1;
	classes = {
	};
	objectVersion = 50;
	objects = {

/* Begin PBXBuildFile section */
		292EA34E2540580D00425FA2 /* DynamicConfigurableAppApp.swift in Sources */ = {isa = PBXBuildFile; fileRef = 292EA34D2540580D00425FA2 /* DynamicConfigurableAppApp.swift */; };
		292EA3502540580D00425FA2 /* ContentView.swift in Sources */ = {isa = PBXBuildFile; fileRef = 292EA34F2540580D00425FA2 /* ContentView.swift */; };
		292EA3522540581A00425FA2 /* Assets.xcassets in Resources */ = {isa = PBXBuildFile; fileRef = 292EA3512540581A00425FA2 /* Assets.xcassets */; };
		292EA3552540581B00425FA2 /* Preview Assets.xcassets in Resources */ = {isa = PBXBuildFile; fileRef = 292EA3542540581B00425FA2 /* Preview Assets.xcassets */; };
		292EA36A25405A7C00425FA2 /* IntentHandler.swift in Sources */ = {isa = PBXBuildFile; fileRef = 292EA36925405A7C00425FA2 /* IntentHandler.swift */; };
		292EA37325405A7C00425FA2 /* IntentsUI.framework in Frameworks */ = {isa = PBXBuildFile; fileRef = 292EA37225405A7C00425FA2 /* IntentsUI.framework */; };
		292EA37625405A7C00425FA2 /* IntentViewController.swift in Sources */ = {isa = PBXBuildFile; fileRef = 292EA37525405A7C00425FA2 /* IntentViewController.swift */; };
		292EA37925405A7C00425FA2 /* MainInterface.storyboard in Resources */ = {isa = PBXBuildFile; fileRef = 292EA37725405A7C00425FA2 /* MainInterface.storyboard */; };
		292EA37D25405A7C00425FA2 /* ImageShowIntentUI.appex in Embed App Extensions */ = {isa = PBXBuildFile; fileRef = 292EA37025405A7C00425FA2 /* ImageShowIntentUI.appex */; settings = {ATTRIBUTES = (RemoveHeadersOnCopy, ); }; };
		292EA38025405A7C00425FA2 /* ImageShowIntent.appex in Embed App Extensions */ = {isa = PBXBuildFile; fileRef = 292EA36725405A7C00425FA2 /* ImageShowIntent.appex */; settings = {ATTRIBUTES = (RemoveHeadersOnCopy, ); }; };
		292EA3A525405C1F00425FA2 /* SelectImage.intentdefinition in Sources */ = {isa = PBXBuildFile; fileRef = 292EA35D2540585900425FA2 /* SelectImage.intentdefinition */; };
		292EA3A625405C1F00425FA2 /* SelectImage.intentdefinition in Sources */ = {isa = PBXBuildFile; fileRef = 292EA35D2540585900425FA2 /* SelectImage.intentdefinition */; };
		292EA3A725405C2000425FA2 /* SelectImage.intentdefinition in Sources */ = {isa = PBXBuildFile; fileRef = 292EA35D2540585900425FA2 /* SelectImage.intentdefinition */; };
		292EA3B725405D4C00425FA2 /* IntentHandler.swift in Sources */ = {isa = PBXBuildFile; fileRef = 292EA36925405A7C00425FA2 /* IntentHandler.swift */; };
		292EA3BB25405D4C00425FA2 /* IntentHandler.swift in Sources */ = {isa = PBXBuildFile; fileRef = 292EA36925405A7C00425FA2 /* IntentHandler.swift */; };
		292EA3C025405E2600425FA2 /* DataModel.swift in Sources */ = {isa = PBXBuildFile; fileRef = 292EA3BF25405E2600425FA2 /* DataModel.swift */; };
		292EA3C42540605F00425FA2 /* DataModel.swift in Sources */ = {isa = PBXBuildFile; fileRef = 292EA3BF25405E2600425FA2 /* DataModel.swift */; };
		292EA3C82540606000425FA2 /* DataModel.swift in Sources */ = {isa = PBXBuildFile; fileRef = 292EA3BF25405E2600425FA2 /* DataModel.swift */; };
		2987BA0625414A7C00534C4D /* WidgetKit.framework in Frameworks */ = {isa = PBXBuildFile; fileRef = 2987BA0525414A7C00534C4D /* WidgetKit.framework */; };
		2987BA0825414A7C00534C4D /* SwiftUI.framework in Frameworks */ = {isa = PBXBuildFile; fileRef = 2987BA0725414A7C00534C4D /* SwiftUI.framework */; };
		2987BA0B25414A7C00534C4D /* Dynamic_Widget.swift in Sources */ = {isa = PBXBuildFile; fileRef = 2987BA0A25414A7C00534C4D /* Dynamic_Widget.swift */; };
		2987BA0D25414A8200534C4D /* Assets.xcassets in Resources */ = {isa = PBXBuildFile; fileRef = 2987BA0C25414A8200534C4D /* Assets.xcassets */; };
		2987BA1125414A8200534C4D /* Dynamic WidgetExtension.appex in Embed App Extensions */ = {isa = PBXBuildFile; fileRef = 2987BA0425414A7B00534C4D /* Dynamic WidgetExtension.appex */; settings = {ATTRIBUTES = (RemoveHeadersOnCopy, ); }; };
		2987BA1925414C4100534C4D /* SelectImage.intentdefinition in Sources */ = {isa = PBXBuildFile; fileRef = 292EA35D2540585900425FA2 /* SelectImage.intentdefinition */; };
/* End PBXBuildFile section */

/* Begin PBXContainerItemProxy section */
		292EA37B25405A7C00425FA2 /* PBXContainerItemProxy */ = {
			isa = PBXContainerItemProxy;
			containerPortal = 292EA3422540580D00425FA2 /* Project object */;
			proxyType = 1;
			remoteGlobalIDString = 292EA36F25405A7C00425FA2;
			remoteInfo = ImageShowIntentUI;
		};
		292EA37E25405A7C00425FA2 /* PBXContainerItemProxy */ = {
			isa = PBXContainerItemProxy;
			containerPortal = 292EA3422540580D00425FA2 /* Project object */;
			proxyType = 1;
			remoteGlobalIDString = 292EA36625405A7C00425FA2;
			remoteInfo = ImageShowIntent;
		};
		2987BA0F25414A8200534C4D /* PBXContainerItemProxy */ = {
			isa = PBXContainerItemProxy;
			containerPortal = 292EA3422540580D00425FA2 /* Project object */;
			proxyType = 1;
			remoteGlobalIDString = 2987BA0325414A7B00534C4D;
			remoteInfo = "Dynamic WidgetExtension";
		};
/* End PBXContainerItemProxy section */

/* Begin PBXCopyFilesBuildPhase section */
		292EA38725405A7C00425FA2 /* Embed App Extensions */ = {
			isa = PBXCopyFilesBuildPhase;
			buildActionMask = 2147483647;
			dstPath = "";
			dstSubfolderSpec = 13;
			files = (
				292EA37D25405A7C00425FA2 /* ImageShowIntentUI.appex in Embed App Extensions */,
				292EA38025405A7C00425FA2 /* ImageShowIntent.appex in Embed App Extensions */,
				2987BA1125414A8200534C4D /* Dynamic WidgetExtension.appex in Embed App Extensions */,
			);
			name = "Embed App Extensions";
			runOnlyForDeploymentPostprocessing = 0;
		};
/* End PBXCopyFilesBuildPhase section */

/* Begin PBXFileReference section */
		292EA34A2540580D00425FA2 /* DynamicConfigurableApp.app */ = {isa = PBXFileReference; explicitFileType = wrapper.application; includeInIndex = 0; path = DynamicConfigurableApp.app; sourceTree = BUILT_PRODUCTS_DIR; };
		292EA34D2540580D00425FA2 /* DynamicConfigurableAppApp.swift */ = {isa = PBXFileReference; lastKnownFileType = sourcecode.swift; path = DynamicConfigurableAppApp.swift; sourceTree = "<group>"; };
		292EA34F2540580D00425FA2 /* ContentView.swift */ = {isa = PBXFileReference; lastKnownFileType = sourcecode.swift; path = ContentView.swift; sourceTree = "<group>"; };
		292EA3512540581A00425FA2 /* Assets.xcassets */ = {isa = PBXFileReference; lastKnownFileType = folder.assetcatalog; path = Assets.xcassets; sourceTree = "<group>"; };
		292EA3542540581B00425FA2 /* Preview Assets.xcassets */ = {isa = PBXFileReference; lastKnownFileType = folder.assetcatalog; path = "Preview Assets.xcassets"; sourceTree = "<group>"; };
		292EA3562540581B00425FA2 /* Info.plist */ = {isa = PBXFileReference; lastKnownFileType = text.plist.xml; path = Info.plist; sourceTree = "<group>"; };
		292EA35D2540585900425FA2 /* SelectImage.intentdefinition */ = {isa = PBXFileReference; lastKnownFileType = file.intentdefinition; path = SelectImage.intentdefinition; sourceTree = "<group>"; };
		292EA36725405A7C00425FA2 /* ImageShowIntent.appex */ = {isa = PBXFileReference; explicitFileType = "wrapper.app-extension"; includeInIndex = 0; path = ImageShowIntent.appex; sourceTree = BUILT_PRODUCTS_DIR; };
		292EA36925405A7C00425FA2 /* IntentHandler.swift */ = {isa = PBXFileReference; lastKnownFileType = sourcecode.swift; path = IntentHandler.swift; sourceTree = "<group>"; };
		292EA36B25405A7C00425FA2 /* Info.plist */ = {isa = PBXFileReference; lastKnownFileType = text.plist.xml; path = Info.plist; sourceTree = "<group>"; };
		292EA37025405A7C00425FA2 /* ImageShowIntentUI.appex */ = {isa = PBXFileReference; explicitFileType = "wrapper.app-extension"; includeInIndex = 0; path = ImageShowIntentUI.appex; sourceTree = BUILT_PRODUCTS_DIR; };
		292EA37225405A7C00425FA2 /* IntentsUI.framework */ = {isa = PBXFileReference; lastKnownFileType = wrapper.framework; name = IntentsUI.framework; path = System/Library/Frameworks/IntentsUI.framework; sourceTree = SDKROOT; };
		292EA37525405A7C00425FA2 /* IntentViewController.swift */ = {isa = PBXFileReference; lastKnownFileType = sourcecode.swift; path = IntentViewController.swift; sourceTree = "<group>"; };
		292EA37825405A7C00425FA2 /* Base */ = {isa = PBXFileReference; lastKnownFileType = file.storyboard; name = Base; path = Base.lproj/MainInterface.storyboard; sourceTree = "<group>"; };
		292EA37A25405A7C00425FA2 /* Info.plist */ = {isa = PBXFileReference; lastKnownFileType = text.plist.xml; path = Info.plist; sourceTree = "<group>"; };
		292EA3BF25405E2600425FA2 /* DataModel.swift */ = {isa = PBXFileReference; lastKnownFileType = sourcecode.swift; path = DataModel.swift; sourceTree = "<group>"; };
		2987BA0425414A7B00534C4D /* Dynamic WidgetExtension.appex */ = {isa = PBXFileReference; explicitFileType = "wrapper.app-extension"; includeInIndex = 0; path = "Dynamic WidgetExtension.appex"; sourceTree = BUILT_PRODUCTS_DIR; };
		2987BA0525414A7C00534C4D /* WidgetKit.framework */ = {isa = PBXFileReference; lastKnownFileType = wrapper.framework; name = WidgetKit.framework; path = System/Library/Frameworks/WidgetKit.framework; sourceTree = SDKROOT; };
		2987BA0725414A7C00534C4D /* SwiftUI.framework */ = {isa = PBXFileReference; lastKnownFileType = wrapper.framework; name = SwiftUI.framework; path = System/Library/Frameworks/SwiftUI.framework; sourceTree = SDKROOT; };
		2987BA0A25414A7C00534C4D /* Dynamic_Widget.swift */ = {isa = PBXFileReference; lastKnownFileType = sourcecode.swift; path = Dynamic_Widget.swift; sourceTree = "<group>"; };
		2987BA0C25414A8200534C4D /* Assets.xcassets */ = {isa = PBXFileReference; lastKnownFileType = folder.assetcatalog; path = Assets.xcassets; sourceTree = "<group>"; };
		2987BA0E25414A8200534C4D /* Info.plist */ = {isa = PBXFileReference; lastKnownFileType = text.plist.xml; path = Info.plist; sourceTree = "<group>"; };
/* End PBXFileReference section */

/* Begin PBXFrameworksBuildPhase section */
		292EA3472540580D00425FA2 /* Frameworks */ = {
			isa = PBXFrameworksBuildPhase;
			buildActionMask = 2147483647;
			files = (
			);
			runOnlyForDeploymentPostprocessing = 0;
		};
		292EA36425405A7C00425FA2 /* Frameworks */ = {
			isa = PBXFrameworksBuildPhase;
			buildActionMask = 2147483647;
			files = (
			);
			runOnlyForDeploymentPostprocessing = 0;
		};
		292EA36D25405A7C00425FA2 /* Frameworks */ = {
			isa = PBXFrameworksBuildPhase;
			buildActionMask = 2147483647;
			files = (
				292EA37325405A7C00425FA2 /* IntentsUI.framework in Frameworks */,
			);
			runOnlyForDeploymentPostprocessing = 0;
		};
		2987BA0125414A7B00534C4D /* Frameworks */ = {
			isa = PBXFrameworksBuildPhase;
			buildActionMask = 2147483647;
			files = (
				2987BA0825414A7C00534C4D /* SwiftUI.framework in Frameworks */,
				2987BA0625414A7C00534C4D /* WidgetKit.framework in Frameworks */,
			);
			runOnlyForDeploymentPostprocessing = 0;
		};
/* End PBXFrameworksBuildPhase section */

/* Begin PBXGroup section */
		292EA3412540580D00425FA2 = {
			isa = PBXGroup;
			children = (
				292EA35D2540585900425FA2 /* SelectImage.intentdefinition */,
				292EA34C2540580D00425FA2 /* DynamicConfigurableApp */,
				292EA36825405A7C00425FA2 /* ImageShowIntent */,
				292EA37425405A7C00425FA2 /* ImageShowIntentUI */,
				2987BA0925414A7C00534C4D /* Dynamic Widget */,
				292EA37125405A7C00425FA2 /* Frameworks */,
				292EA34B2540580D00425FA2 /* Products */,
			);
			sourceTree = "<group>";
		};
		292EA34B2540580D00425FA2 /* Products */ = {
			isa = PBXGroup;
			children = (
				292EA34A2540580D00425FA2 /* DynamicConfigurableApp.app */,
				292EA36725405A7C00425FA2 /* ImageShowIntent.appex */,
				292EA37025405A7C00425FA2 /* ImageShowIntentUI.appex */,
				2987BA0425414A7B00534C4D /* Dynamic WidgetExtension.appex */,
			);
			name = Products;
			sourceTree = "<group>";
		};
		292EA34C2540580D00425FA2 /* DynamicConfigurableApp */ = {
			isa = PBXGroup;
			children = (
				292EA34D2540580D00425FA2 /* DynamicConfigurableAppApp.swift */,
				292EA34F2540580D00425FA2 /* ContentView.swift */,
				292EA3512540581A00425FA2 /* Assets.xcassets */,
				292EA3562540581B00425FA2 /* Info.plist */,
				292EA3532540581B00425FA2 /* Preview Content */,
			);
			path = DynamicConfigurableApp;
			sourceTree = "<group>";
		};
		292EA3532540581B00425FA2 /* Preview Content */ = {
			isa = PBXGroup;
			children = (
				292EA3542540581B00425FA2 /* Preview Assets.xcassets */,
			);
			path = "Preview Content";
			sourceTree = "<group>";
		};
		292EA36825405A7C00425FA2 /* ImageShowIntent */ = {
			isa = PBXGroup;
			children = (
				292EA36925405A7C00425FA2 /* IntentHandler.swift */,
				292EA36B25405A7C00425FA2 /* Info.plist */,
				292EA3BF25405E2600425FA2 /* DataModel.swift */,
			);
			path = ImageShowIntent;
			sourceTree = "<group>";
		};
		292EA37125405A7C00425FA2 /* Frameworks */ = {
			isa = PBXGroup;
			children = (
				292EA37225405A7C00425FA2 /* IntentsUI.framework */,
				2987BA0525414A7C00534C4D /* WidgetKit.framework */,
				2987BA0725414A7C00534C4D /* SwiftUI.framework */,
			);
			name = Frameworks;
			sourceTree = "<group>";
		};
		292EA37425405A7C00425FA2 /* ImageShowIntentUI */ = {
			isa = PBXGroup;
			children = (
				292EA37525405A7C00425FA2 /* IntentViewController.swift */,
				292EA37725405A7C00425FA2 /* MainInterface.storyboard */,
				292EA37A25405A7C00425FA2 /* Info.plist */,
			);
			path = ImageShowIntentUI;
			sourceTree = "<group>";
		};
		2987BA0925414A7C00534C4D /* Dynamic Widget */ = {
			isa = PBXGroup;
			children = (
				2987BA0A25414A7C00534C4D /* Dynamic_Widget.swift */,
				2987BA0C25414A8200534C4D /* Assets.xcassets */,
				2987BA0E25414A8200534C4D /* Info.plist */,
			);
			path = "Dynamic Widget";
			sourceTree = "<group>";
		};
/* End PBXGroup section */

/* Begin PBXNativeTarget section */
		292EA3492540580D00425FA2 /* DynamicConfigurableApp */ = {
			isa = PBXNativeTarget;
			buildConfigurationList = 292EA3592540581B00425FA2 /* Build configuration list for PBXNativeTarget "DynamicConfigurableApp" */;
			buildPhases = (
				292EA3462540580D00425FA2 /* Sources */,
				292EA3472540580D00425FA2 /* Frameworks */,
				292EA3482540580D00425FA2 /* Resources */,
				292EA38725405A7C00425FA2 /* Embed App Extensions */,
			);
			buildRules = (
			);
			dependencies = (
				292EA37C25405A7C00425FA2 /* PBXTargetDependency */,
				292EA37F25405A7C00425FA2 /* PBXTargetDependency */,
				2987BA1025414A8200534C4D /* PBXTargetDependency */,
			);
			name = DynamicConfigurableApp;
			productName = DynamicConfigurableApp;
			productReference = 292EA34A2540580D00425FA2 /* DynamicConfigurableApp.app */;
			productType = "com.apple.product-type.application";
		};
		292EA36625405A7C00425FA2 /* ImageShowIntent */ = {
			isa = PBXNativeTarget;
			buildConfigurationList = 292EA38425405A7C00425FA2 /* Build configuration list for PBXNativeTarget "ImageShowIntent" */;
			buildPhases = (
				292EA36325405A7C00425FA2 /* Sources */,
				292EA36425405A7C00425FA2 /* Frameworks */,
				292EA36525405A7C00425FA2 /* Resources */,
			);
			buildRules = (
			);
			dependencies = (
			);
			name = ImageShowIntent;
			productName = ImageShowIntent;
			productReference = 292EA36725405A7C00425FA2 /* ImageShowIntent.appex */;
			productType = "com.apple.product-type.app-extension";
		};
		292EA36F25405A7C00425FA2 /* ImageShowIntentUI */ = {
			isa = PBXNativeTarget;
			buildConfigurationList = 292EA38125405A7C00425FA2 /* Build configuration list for PBXNativeTarget "ImageShowIntentUI" */;
			buildPhases = (
				292EA36C25405A7C00425FA2 /* Sources */,
				292EA36D25405A7C00425FA2 /* Frameworks */,
				292EA36E25405A7C00425FA2 /* Resources */,
			);
			buildRules = (
			);
			dependencies = (
			);
			name = ImageShowIntentUI;
			productName = ImageShowIntentUI;
			productReference = 292EA37025405A7C00425FA2 /* ImageShowIntentUI.appex */;
			productType = "com.apple.product-type.app-extension";
		};
		2987BA0325414A7B00534C4D /* Dynamic WidgetExtension */ = {
			isa = PBXNativeTarget;
			buildConfigurationList = 2987BA1425414A8200534C4D /* Build configuration list for PBXNativeTarget "Dynamic WidgetExtension" */;
			buildPhases = (
				2987BA0025414A7B00534C4D /* Sources */,
				2987BA0125414A7B00534C4D /* Frameworks */,
				2987BA0225414A7B00534C4D /* Resources */,
			);
			buildRules = (
			);
			dependencies = (
			);
			name = "Dynamic WidgetExtension";
			productName = "Dynamic WidgetExtension";
			productReference = 2987BA0425414A7B00534C4D /* Dynamic WidgetExtension.appex */;
			productType = "com.apple.product-type.app-extension";
		};
/* End PBXNativeTarget section */

/* Begin PBXProject section */
		292EA3422540580D00425FA2 /* Project object */ = {
			isa = PBXProject;
			attributes = {
				LastSwiftUpdateCheck = 1210;
				LastUpgradeCheck = 1200;
				TargetAttributes = {
					292EA3492540580D00425FA2 = {
						CreatedOnToolsVersion = 12.0.1;
					};
					292EA36625405A7C00425FA2 = {
						CreatedOnToolsVersion = 12.0.1;
					};
					292EA36F25405A7C00425FA2 = {
						CreatedOnToolsVersion = 12.0.1;
					};
					2987BA0325414A7B00534C4D = {
						CreatedOnToolsVersion = 12.1;
					};
				};
			};
			buildConfigurationList = 292EA3452540580D00425FA2 /* Build configuration list for PBXProject "DynamicConfigurableApp" */;
			compatibilityVersion = "Xcode 9.3";
			developmentRegion = en;
			hasScannedForEncodings = 0;
			knownRegions = (
				en,
				Base,
			);
			mainGroup = 292EA3412540580D00425FA2;
			productRefGroup = 292EA34B2540580D00425FA2 /* Products */;
			projectDirPath = "";
			projectRoot = "";
			targets = (
				292EA3492540580D00425FA2 /* DynamicConfigurableApp */,
				292EA36625405A7C00425FA2 /* ImageShowIntent */,
				292EA36F25405A7C00425FA2 /* ImageShowIntentUI */,
				2987BA0325414A7B00534C4D /* Dynamic WidgetExtension */,
			);
		};
/* End PBXProject section */

/* Begin PBXResourcesBuildPhase section */
		292EA3482540580D00425FA2 /* Resources */ = {
			isa = PBXResourcesBuildPhase;
			buildActionMask = 2147483647;
			files = (
				292EA3552540581B00425FA2 /* Preview Assets.xcassets in Resources */,
				292EA3522540581A00425FA2 /* Assets.xcassets in Resources */,
			);
			runOnlyForDeploymentPostprocessing = 0;
		};
		292EA36525405A7C00425FA2 /* Resources */ = {
			isa = PBXResourcesBuildPhase;
			buildActionMask = 2147483647;
			files = (
			);
			runOnlyForDeploymentPostprocessing = 0;
		};
		292EA36E25405A7C00425FA2 /* Resources */ = {
			isa = PBXResourcesBuildPhase;
			buildActionMask = 2147483647;
			files = (
				292EA37925405A7C00425FA2 /* MainInterface.storyboard in Resources */,
			);
			runOnlyForDeploymentPostprocessing = 0;
		};
		2987BA0225414A7B00534C4D /* Resources */ = {
			isa = PBXResourcesBuildPhase;
			buildActionMask = 2147483647;
			files = (
				2987BA0D25414A8200534C4D /* Assets.xcassets in Resources */,
			);
			runOnlyForDeploymentPostprocessing = 0;
		};
/* End PBXResourcesBuildPhase section */

/* Begin PBXSourcesBuildPhase section */
		292EA3462540580D00425FA2 /* Sources */ = {
			isa = PBXSourcesBuildPhase;
			buildActionMask = 2147483647;
			files = (
				292EA3C42540605F00425FA2 /* DataModel.swift in Sources */,
				292EA3502540580D00425FA2 /* ContentView.swift in Sources */,
				292EA34E2540580D00425FA2 /* DynamicConfigurableAppApp.swift in Sources */,
				292EA3B725405D4C00425FA2 /* IntentHandler.swift in Sources */,
				292EA3A525405C1F00425FA2 /* SelectImage.intentdefinition in Sources */,
			);
			runOnlyForDeploymentPostprocessing = 0;
		};
		292EA36325405A7C00425FA2 /* Sources */ = {
			isa = PBXSourcesBuildPhase;
			buildActionMask = 2147483647;
			files = (
				292EA3A625405C1F00425FA2 /* SelectImage.intentdefinition in Sources */,
				292EA36A25405A7C00425FA2 /* IntentHandler.swift in Sources */,
				292EA3C025405E2600425FA2 /* DataModel.swift in Sources */,
			);
			runOnlyForDeploymentPostprocessing = 0;
		};
		292EA36C25405A7C00425FA2 /* Sources */ = {
			isa = PBXSourcesBuildPhase;
			buildActionMask = 2147483647;
			files = (
				292EA3A725405C2000425FA2 /* SelectImage.intentdefinition in Sources */,
				292EA3C82540606000425FA2 /* DataModel.swift in Sources */,
				292EA3BB25405D4C00425FA2 /* IntentHandler.swift in Sources */,
				292EA37625405A7C00425FA2 /* IntentViewController.swift in Sources */,
			);
			runOnlyForDeploymentPostprocessing = 0;
		};
		2987BA0025414A7B00534C4D /* Sources */ = {
			isa = PBXSourcesBuildPhase;
			buildActionMask = 2147483647;
			files = (
				2987BA1925414C4100534C4D /* SelectImage.intentdefinition in Sources */,
				2987BA0B25414A7C00534C4D /* Dynamic_Widget.swift in Sources */,
			);
			runOnlyForDeploymentPostprocessing = 0;
		};
/* End PBXSourcesBuildPhase section */

/* Begin PBXTargetDependency section */
		292EA37C25405A7C00425FA2 /* PBXTargetDependency */ = {
			isa = PBXTargetDependency;
			target = 292EA36F25405A7C00425FA2 /* ImageShowIntentUI */;
			targetProxy = 292EA37B25405A7C00425FA2 /* PBXContainerItemProxy */;
		};
		292EA37F25405A7C00425FA2 /* PBXTargetDependency */ = {
			isa = PBXTargetDependency;
			target = 292EA36625405A7C00425FA2 /* ImageShowIntent */;
			targetProxy = 292EA37E25405A7C00425FA2 /* PBXContainerItemProxy */;
		};
		2987BA1025414A8200534C4D /* PBXTargetDependency */ = {
			isa = PBXTargetDependency;
			target = 2987BA0325414A7B00534C4D /* Dynamic WidgetExtension */;
			targetProxy = 2987BA0F25414A8200534C4D /* PBXContainerItemProxy */;
		};
/* End PBXTargetDependency section */

/* Begin PBXVariantGroup section */
		292EA37725405A7C00425FA2 /* MainInterface.storyboard */ = {
			isa = PBXVariantGroup;
			children = (
				292EA37825405A7C00425FA2 /* Base */,
			);
			name = MainInterface.storyboard;
			sourceTree = "<group>";
		};
/* End PBXVariantGroup section */

/* Begin XCBuildConfiguration section */
		292EA3572540581B00425FA2 /* Debug */ = {
			isa = XCBuildConfiguration;
			buildSettings = {
				ALWAYS_SEARCH_USER_PATHS = NO;
				CLANG_ANALYZER_NONNULL = YES;
				CLANG_ANALYZER_NUMBER_OBJECT_CONVERSION = YES_AGGRESSIVE;
				CLANG_CXX_LANGUAGE_STANDARD = "gnu++14";
				CLANG_CXX_LIBRARY = "libc++";
				CLANG_ENABLE_MODULES = YES;
				CLANG_ENABLE_OBJC_ARC = YES;
				CLANG_ENABLE_OBJC_WEAK = YES;
				CLANG_WARN_BLOCK_CAPTURE_AUTORELEASING = YES;
				CLANG_WARN_BOOL_CONVERSION = YES;
				CLANG_WARN_COMMA = YES;
				CLANG_WARN_CONSTANT_CONVERSION = YES;
				CLANG_WARN_DEPRECATED_OBJC_IMPLEMENTATIONS = YES;
				CLANG_WARN_DIRECT_OBJC_ISA_USAGE = YES_ERROR;
				CLANG_WARN_DOCUMENTATION_COMMENTS = YES;
				CLANG_WARN_EMPTY_BODY = YES;
				CLANG_WARN_ENUM_CONVERSION = YES;
				CLANG_WARN_INFINITE_RECURSION = YES;
				CLANG_WARN_INT_CONVERSION = YES;
				CLANG_WARN_NON_LITERAL_NULL_CONVERSION = YES;
				CLANG_WARN_OBJC_IMPLICIT_RETAIN_SELF = YES;
				CLANG_WARN_OBJC_LITERAL_CONVERSION = YES;
				CLANG_WARN_OBJC_ROOT_CLASS = YES_ERROR;
				CLANG_WARN_QUOTED_INCLUDE_IN_FRAMEWORK_HEADER = YES;
				CLANG_WARN_RANGE_LOOP_ANALYSIS = YES;
				CLANG_WARN_STRICT_PROTOTYPES = YES;
				CLANG_WARN_SUSPICIOUS_MOVE = YES;
				CLANG_WARN_UNGUARDED_AVAILABILITY = YES_AGGRESSIVE;
				CLANG_WARN_UNREACHABLE_CODE = YES;
				CLANG_WARN__DUPLICATE_METHOD_MATCH = YES;
				COPY_PHASE_STRIP = NO;
				DEBUG_INFORMATION_FORMAT = dwarf;
				ENABLE_STRICT_OBJC_MSGSEND = YES;
				ENABLE_TESTABILITY = YES;
				GCC_C_LANGUAGE_STANDARD = gnu11;
				GCC_DYNAMIC_NO_PIC = NO;
				GCC_NO_COMMON_BLOCKS = YES;
				GCC_OPTIMIZATION_LEVEL = 0;
				GCC_PREPROCESSOR_DEFINITIONS = (
					"DEBUG=1",
					"$(inherited)",
				);
				GCC_WARN_64_TO_32_BIT_CONVERSION = YES;
				GCC_WARN_ABOUT_RETURN_TYPE = YES_ERROR;
				GCC_WARN_UNDECLARED_SELECTOR = YES;
				GCC_WARN_UNINITIALIZED_AUTOS = YES_AGGRESSIVE;
				GCC_WARN_UNUSED_FUNCTION = YES;
				GCC_WARN_UNUSED_VARIABLE = YES;
				IPHONEOS_DEPLOYMENT_TARGET = 14.0;
				MTL_ENABLE_DEBUG_INFO = INCLUDE_SOURCE;
				MTL_FAST_MATH = YES;
				ONLY_ACTIVE_ARCH = YES;
				SDKROOT = iphoneos;
				SWIFT_ACTIVE_COMPILATION_CONDITIONS = DEBUG;
				SWIFT_OPTIMIZATION_LEVEL = "-Onone";
			};
			name = Debug;
		};
		292EA3582540581B00425FA2 /* Release */ = {
			isa = XCBuildConfiguration;
			buildSettings = {
				ALWAYS_SEARCH_USER_PATHS = NO;
				CLANG_ANALYZER_NONNULL = YES;
				CLANG_ANALYZER_NUMBER_OBJECT_CONVERSION = YES_AGGRESSIVE;
				CLANG_CXX_LANGUAGE_STANDARD = "gnu++14";
				CLANG_CXX_LIBRARY = "libc++";
				CLANG_ENABLE_MODULES = YES;
				CLANG_ENABLE_OBJC_ARC = YES;
				CLANG_ENABLE_OBJC_WEAK = YES;
				CLANG_WARN_BLOCK_CAPTURE_AUTORELEASING = YES;
				CLANG_WARN_BOOL_CONVERSION = YES;
				CLANG_WARN_COMMA = YES;
				CLANG_WARN_CONSTANT_CONVERSION = YES;
				CLANG_WARN_DEPRECATED_OBJC_IMPLEMENTATIONS = YES;
				CLANG_WARN_DIRECT_OBJC_ISA_USAGE = YES_ERROR;
				CLANG_WARN_DOCUMENTATION_COMMENTS = YES;
				CLANG_WARN_EMPTY_BODY = YES;
				CLANG_WARN_ENUM_CONVERSION = YES;
				CLANG_WARN_INFINITE_RECURSION = YES;
				CLANG_WARN_INT_CONVERSION = YES;
				CLANG_WARN_NON_LITERAL_NULL_CONVERSION = YES;
				CLANG_WARN_OBJC_IMPLICIT_RETAIN_SELF = YES;
				CLANG_WARN_OBJC_LITERAL_CONVERSION = YES;
				CLANG_WARN_OBJC_ROOT_CLASS = YES_ERROR;
				CLANG_WARN_QUOTED_INCLUDE_IN_FRAMEWORK_HEADER = YES;
				CLANG_WARN_RANGE_LOOP_ANALYSIS = YES;
				CLANG_WARN_STRICT_PROTOTYPES = YES;
				CLANG_WARN_SUSPICIOUS_MOVE = YES;
				CLANG_WARN_UNGUARDED_AVAILABILITY = YES_AGGRESSIVE;
				CLANG_WARN_UNREACHABLE_CODE = YES;
				CLANG_WARN__DUPLICATE_METHOD_MATCH = YES;
				COPY_PHASE_STRIP = NO;
				DEBUG_INFORMATION_FORMAT = "dwarf-with-dsym";
				ENABLE_NS_ASSERTIONS = NO;
				ENABLE_STRICT_OBJC_MSGSEND = YES;
				GCC_C_LANGUAGE_STANDARD = gnu11;
				GCC_NO_COMMON_BLOCKS = YES;
				GCC_WARN_64_TO_32_BIT_CONVERSION = YES;
				GCC_WARN_ABOUT_RETURN_TYPE = YES_ERROR;
				GCC_WARN_UNDECLARED_SELECTOR = YES;
				GCC_WARN_UNINITIALIZED_AUTOS = YES_AGGRESSIVE;
				GCC_WARN_UNUSED_FUNCTION = YES;
				GCC_WARN_UNUSED_VARIABLE = YES;
				IPHONEOS_DEPLOYMENT_TARGET = 14.0;
				MTL_ENABLE_DEBUG_INFO = NO;
				MTL_FAST_MATH = YES;
				SDKROOT = iphoneos;
				SWIFT_COMPILATION_MODE = wholemodule;
				SWIFT_OPTIMIZATION_LEVEL = "-O";
				VALIDATE_PRODUCT = YES;
			};
			name = Release;
		};
		292EA35A2540581B00425FA2 /* Debug */ = {
			isa = XCBuildConfiguration;
			buildSettings = {
				ALWAYS_EMBED_SWIFT_STANDARD_LIBRARIES = YES;
				ASSETCATALOG_COMPILER_APPICON_NAME = AppIcon;
				ASSETCATALOG_COMPILER_GLOBAL_ACCENT_COLOR_NAME = AccentColor;
				CODE_SIGN_STYLE = Automatic;
				DEVELOPMENT_ASSET_PATHS = "\"DynamicConfigurableApp/Preview Content\"";
				DEVELOPMENT_TEAM = 9SCM2X78Z3;
				ENABLE_PREVIEWS = YES;
				INFOPLIST_FILE = DynamicConfigurableApp/Info.plist;
				IPHONEOS_DEPLOYMENT_TARGET = 14.0;
				LD_RUNPATH_SEARCH_PATHS = (
					"$(inherited)",
					"@executable_path/Frameworks",
				);
				PRODUCT_BUNDLE_IDENTIFIER = com.Appnap.DynamicConfigurableApp;
				PRODUCT_NAME = "$(TARGET_NAME)";
				SWIFT_VERSION = 5.0;
				TARGETED_DEVICE_FAMILY = "1,2";
			};
			name = Debug;
		};
		292EA35B2540581B00425FA2 /* Release */ = {
			isa = XCBuildConfiguration;
			buildSettings = {
				ALWAYS_EMBED_SWIFT_STANDARD_LIBRARIES = YES;
				ASSETCATALOG_COMPILER_APPICON_NAME = AppIcon;
				ASSETCATALOG_COMPILER_GLOBAL_ACCENT_COLOR_NAME = AccentColor;
				CODE_SIGN_STYLE = Automatic;
				DEVELOPMENT_ASSET_PATHS = "\"DynamicConfigurableApp/Preview Content\"";
				DEVELOPMENT_TEAM = 9SCM2X78Z3;
				ENABLE_PREVIEWS = YES;
				INFOPLIST_FILE = DynamicConfigurableApp/Info.plist;
				IPHONEOS_DEPLOYMENT_TARGET = 14.0;
				LD_RUNPATH_SEARCH_PATHS = (
					"$(inherited)",
					"@executable_path/Frameworks",
				);
				PRODUCT_BUNDLE_IDENTIFIER = com.Appnap.DynamicConfigurableApp;
				PRODUCT_NAME = "$(TARGET_NAME)";
				SWIFT_VERSION = 5.0;
				TARGETED_DEVICE_FAMILY = "1,2";
			};
			name = Release;
		};
		292EA38225405A7C00425FA2 /* Debug */ = {
			isa = XCBuildConfiguration;
			buildSettings = {
				CODE_SIGN_STYLE = Automatic;
				DEVELOPMENT_TEAM = 9SCM2X78Z3;
				INFOPLIST_FILE = ImageShowIntentUI/Info.plist;
				LD_RUNPATH_SEARCH_PATHS = (
					"$(inherited)",
					"@executable_path/Frameworks",
					"@executable_path/../../Frameworks",
				);
				PRODUCT_BUNDLE_IDENTIFIER = com.Appnap.DynamicConfigurableApp.ImageShowIntentUI;
				PRODUCT_NAME = "$(TARGET_NAME)";
				SKIP_INSTALL = YES;
				SWIFT_VERSION = 5.0;
				TARGETED_DEVICE_FAMILY = "1,2";
			};
			name = Debug;
		};
		292EA38325405A7C00425FA2 /* Release */ = {
			isa = XCBuildConfiguration;
			buildSettings = {
				CODE_SIGN_STYLE = Automatic;
				DEVELOPMENT_TEAM = 9SCM2X78Z3;
				INFOPLIST_FILE = ImageShowIntentUI/Info.plist;
				LD_RUNPATH_SEARCH_PATHS = (
					"$(inherited)",
					"@executable_path/Frameworks",
					"@executable_path/../../Frameworks",
				);
				PRODUCT_BUNDLE_IDENTIFIER = com.Appnap.DynamicConfigurableApp.ImageShowIntentUI;
				PRODUCT_NAME = "$(TARGET_NAME)";
				SKIP_INSTALL = YES;
				SWIFT_VERSION = 5.0;
				TARGETED_DEVICE_FAMILY = "1,2";
			};
			name = Release;
		};
		292EA38525405A7C00425FA2 /* Debug */ = {
			isa = XCBuildConfiguration;
			buildSettings = {
				CODE_SIGN_STYLE = Automatic;
				DEVELOPMENT_TEAM = 9SCM2X78Z3;
				INFOPLIST_FILE = ImageShowIntent/Info.plist;
				LD_RUNPATH_SEARCH_PATHS = (
					"$(inherited)",
					"@executable_path/Frameworks",
					"@executable_path/../../Frameworks",
				);
				PRODUCT_BUNDLE_IDENTIFIER = com.Appnap.DynamicConfigurableApp.ImageShowIntent;
				PRODUCT_NAME = "$(TARGET_NAME)";
				SKIP_INSTALL = YES;
				SWIFT_VERSION = 5.0;
				TARGETED_DEVICE_FAMILY = "1,2";
			};
			name = Debug;
		};
		292EA38625405A7C00425FA2 /* Release */ = {
			isa = XCBuildConfiguration;
			buildSettings = {
				CODE_SIGN_STYLE = Automatic;
				DEVELOPMENT_TEAM = 9SCM2X78Z3;
				INFOPLIST_FILE = ImageShowIntent/Info.plist;
				LD_RUNPATH_SEARCH_PATHS = (
					"$(inherited)",
					"@executable_path/Frameworks",
					"@executable_path/../../Frameworks",
				);
				PRODUCT_BUNDLE_IDENTIFIER = com.Appnap.DynamicConfigurableApp.ImageShowIntent;
				PRODUCT_NAME = "$(TARGET_NAME)";
				SKIP_INSTALL = YES;
				SWIFT_VERSION = 5.0;
				TARGETED_DEVICE_FAMILY = "1,2";
			};
			name = Release;
		};
		2987BA1225414A8200534C4D /* Debug */ = {
			isa = XCBuildConfiguration;
			buildSettings = {
				ASSETCATALOG_COMPILER_GLOBAL_ACCENT_COLOR_NAME = AccentColor;
				ASSETCATALOG_COMPILER_WIDGET_BACKGROUND_COLOR_NAME = WidgetBackground;
				CODE_SIGN_STYLE = Automatic;
				DEVELOPMENT_TEAM = 9SCM2X78Z3;
				INFOPLIST_FILE = "Dynamic Widget/Info.plist";
				IPHONEOS_DEPLOYMENT_TARGET = 14.1;
				LD_RUNPATH_SEARCH_PATHS = (
					"$(inherited)",
					"@executable_path/Frameworks",
					"@executable_path/../../Frameworks",
				);
				PRODUCT_BUNDLE_IDENTIFIER = "com.Appnap.DynamicConfigurableApp.Dynamic-Widget";
				PRODUCT_NAME = "$(TARGET_NAME)";
				SKIP_INSTALL = YES;
				SWIFT_VERSION = 5.0;
				TARGETED_DEVICE_FAMILY = "1,2";
			};
			name = Debug;
		};
		2987BA1325414A8200534C4D /* Release */ = {
			isa = XCBuildConfiguration;
			buildSettings = {
				ASSETCATALOG_COMPILER_GLOBAL_ACCENT_COLOR_NAME = AccentColor;
				ASSETCATALOG_COMPILER_WIDGET_BACKGROUND_COLOR_NAME = WidgetBackground;
				CODE_SIGN_STYLE = Automatic;
				DEVELOPMENT_TEAM = 9SCM2X78Z3;
				INFOPLIST_FILE = "Dynamic Widget/Info.plist";
				IPHONEOS_DEPLOYMENT_TARGET = 14.1;
				LD_RUNPATH_SEARCH_PATHS = (
					"$(inherited)",
					"@executable_path/Frameworks",
					"@executable_path/../../Frameworks",
				);
				PRODUCT_BUNDLE_IDENTIFIER = "com.Appnap.DynamicConfigurableApp.Dynamic-Widget";
				PRODUCT_NAME = "$(TARGET_NAME)";
				SKIP_INSTALL = YES;
				SWIFT_VERSION = 5.0;
				TARGETED_DEVICE_FAMILY = "1,2";
			};
			name = Release;
		};
/* End XCBuildConfiguration section */

/* Begin XCConfigurationList section */
		292EA3452540580D00425FA2 /* Build configuration list for PBXProject "DynamicConfigurableApp" */ = {
			isa = XCConfigurationList;
			buildConfigurations = (
				292EA3572540581B00425FA2 /* Debug */,
				292EA3582540581B00425FA2 /* Release */,
			);
			defaultConfigurationIsVisible = 0;
			defaultConfigurationName = Release;
		};
		292EA3592540581B00425FA2 /* Build configuration list for PBXNativeTarget "DynamicConfigurableApp" */ = {
			isa = XCConfigurationList;
			buildConfigurations = (
				292EA35A2540581B00425FA2 /* Debug */,
				292EA35B2540581B00425FA2 /* Release */,
			);
			defaultConfigurationIsVisible = 0;
			defaultConfigurationName = Release;
		};
		292EA38125405A7C00425FA2 /* Build configuration list for PBXNativeTarget "ImageShowIntentUI" */ = {
			isa = XCConfigurationList;
			buildConfigurations = (
				292EA38225405A7C00425FA2 /* Debug */,
				292EA38325405A7C00425FA2 /* Release */,
			);
			defaultConfigurationIsVisible = 0;
			defaultConfigurationName = Release;
		};
		292EA38425405A7C00425FA2 /* Build configuration list for PBXNativeTarget "ImageShowIntent" */ = {
			isa = XCConfigurationList;
			buildConfigurations = (
				292EA38525405A7C00425FA2 /* Debug */,
				292EA38625405A7C00425FA2 /* Release */,
			);
			defaultConfigurationIsVisible = 0;
			defaultConfigurationName = Release;
		};
		2987BA1425414A8200534C4D /* Build configuration list for PBXNativeTarget "Dynamic WidgetExtension" */ = {
			isa = XCConfigurationList;
			buildConfigurations = (
				2987BA1225414A8200534C4D /* Debug */,
				2987BA1325414A8200534C4D /* Release */,
			);
			defaultConfigurationIsVisible = 0;
			defaultConfigurationName = Release;
		};
/* End XCConfigurationList section */
	};
	rootObject = 292EA3422540580D00425FA2 /* Project object */;
}
